
Microsoft Visual Studio Solution File, Format Version 12.00
# Visual Studio 2013
VisualStudioVersion = 12.0.40629.0
MinimumVisualStudioVersion = 10.0.40219.1
Project("{FAE04EC0-301F-11D3-BF4B-00C04F79EFBC}") = "WatsonSTT.Net", "WatsonSTT.Net\WatsonSTT.Net.csproj", "{93418AD2-1F23-4A1A-AA7D-D0A7F69C7D5C}"
EndProject
Project("{FAE04EC0-301F-11D3-BF4B-00C04F79EFBC}") = "WatsonSTT.Net.UnitTest", "WatsonSTT.Net.UnitTest\WatsonSTT.Net.UnitTest.csproj", "{1F532336-723B-47BC-9B71-C00265590DFE}"
EndProject
Project("{2150E333-8FDC-42A3-9474-1A3956D46DE8}") = ".nuget", ".nuget", "{CA26F7D0-F28A-4A5D-B667-95B808F384C2}"
	ProjectSection(SolutionItems) = preProject
		.nuget\NuGet.Config = .nuget\NuGet.Config
		.nuget\NuGet.exe = .nuget\NuGet.exe
		.nuget\NuGet.targets = .nuget\NuGet.targets
	EndProjectSection
EndProject
Global
	GlobalSection(SolutionConfigurationPlatforms) = preSolution
		Debug|Any CPU = Debug|Any CPU
		Release|Any CPU = Release|Any CPU
	EndGlobalSection
	GlobalSection(ProjectConfigurationPlatforms) = postSolution
		{93418AD2-1F23-4A1A-AA7D-D0A7F69C7D5C}.Debug|Any CPU.ActiveCfg = Debug|Any CPU
		{93418AD2-1F23-4A1A-AA7D-D0A7F69C7D5C}.Debug|Any CPU.Build.0 = Debug|Any CPU
		{93418AD2-1F23-4A1A-AA7D-D0A7F69C7D5C}.Release|Any CPU.ActiveCfg = Release|Any CPU
		{93418AD2-1F23-4A1A-AA7D-D0A7F69C7D5C}.Release|Any CPU.Build.0 = Release|Any CPU
		{1F532336-723B-47BC-9B71-C00265590DFE}.Debug|Any CPU.ActiveCfg = Debug|Any CPU
		{1F532336-723B-47BC-9B71-C00265590DFE}.Debug|Any CPU.Build.0 = Debug|Any CPU
		{1F532336-723B-47BC-9B71-C00265590DFE}.Release|Any CPU.ActiveCfg = Release|Any CPU
		{1F532336-723B-47BC-9B71-C00265590DFE}.Release|Any CPU.Build.0 = Release|Any CPU
	EndGlobalSection
	GlobalSection(SolutionProperties) = preSolution
		HideSolutionNode = FALSE
	EndGlobalSection
EndGlobal
